
Microsoft Visual Studio Solution File, Format Version 12.00
# Visual Studio Version 17
VisualStudioVersion = 17.9.34616.47
MinimumVisualStudioVersion = 10.0.40219.1
Project("{9A19103F-16F7-4668-BE54-9A1E7A4F7556}") = "PiggyBankAuthenApi", "PiggyBankAuthenApi\PiggyBankAuthenApi.csproj", "{24DCC524-01D4-4E21-BD84-302D9CAB8434}"
	ProjectSection(ProjectDependencies) = postProject
		{0E2A0BDA-1114-4B9E-A88E-EE96C5DC35C7} = {0E2A0BDA-1114-4B9E-A88E-EE96C5DC35C7}
		{FDBB95E7-7DA7-4CBC-B3B5-4D8C24323840} = {FDBB95E7-7DA7-4CBC-B3B5-4D8C24323840}
	EndProjectSection
EndProject
Project("{E53339B2-1760-4266-BCC7-CA923CBCF16C}") = "docker-compose", "docker-compose.dcproj", "{E78CD799-0F36-44B1-A9C5-6699B975AAB1}"
EndProject
Project("{9A19103F-16F7-4668-BE54-9A1E7A4F7556}") = "Contracts", "Contracts\Contracts.csproj", "{0E2A0BDA-1114-4B9E-A88E-EE96C5DC35C7}"
EndProject
Project("{9A19103F-16F7-4668-BE54-9A1E7A4F7556}") = "CommonLib", "CommonLib\CommonLib.csproj", "{FDBB95E7-7DA7-4CBC-B3B5-4D8C24323840}"
EndProject
Global
	GlobalSection(SolutionConfigurationPlatforms) = preSolution
		Debug|Any CPU = Debug|Any CPU
		Release|Any CPU = Release|Any CPU
	EndGlobalSection
	GlobalSection(ProjectConfigurationPlatforms) = postSolution
		{24DCC524-01D4-4E21-BD84-302D9CAB8434}.Debug|Any CPU.ActiveCfg = Debug|Any CPU
		{24DCC524-01D4-4E21-BD84-302D9CAB8434}.Debug|Any CPU.Build.0 = Debug|Any CPU
		{24DCC524-01D4-4E21-BD84-302D9CAB8434}.Release|Any CPU.ActiveCfg = Release|Any CPU
		{24DCC524-01D4-4E21-BD84-302D9CAB8434}.Release|Any CPU.Build.0 = Release|Any CPU
		{E78CD799-0F36-44B1-A9C5-6699B975AAB1}.Debug|Any CPU.ActiveCfg = Debug|Any CPU
		{E78CD799-0F36-44B1-A9C5-6699B975AAB1}.Debug|Any CPU.Build.0 = Debug|Any CPU
		{E78CD799-0F36-44B1-A9C5-6699B975AAB1}.Release|Any CPU.ActiveCfg = Release|Any CPU
		{E78CD799-0F36-44B1-A9C5-6699B975AAB1}.Release|Any CPU.Build.0 = Release|Any CPU
		{0E2A0BDA-1114-4B9E-A88E-EE96C5DC35C7}.Debug|Any CPU.ActiveCfg = Debug|Any CPU
		{0E2A0BDA-1114-4B9E-A88E-EE96C5DC35C7}.Debug|Any CPU.Build.0 = Debug|Any CPU
		{0E2A0BDA-1114-4B9E-A88E-EE96C5DC35C7}.Release|Any CPU.ActiveCfg = Release|Any CPU
		{0E2A0BDA-1114-4B9E-A88E-EE96C5DC35C7}.Release|Any CPU.Build.0 = Release|Any CPU
		{FDBB95E7-7DA7-4CBC-B3B5-4D8C24323840}.Debug|Any CPU.ActiveCfg = Debug|Any CPU
		{FDBB95E7-7DA7-4CBC-B3B5-4D8C24323840}.Debug|Any CPU.Build.0 = Debug|Any CPU
		{FDBB95E7-7DA7-4CBC-B3B5-4D8C24323840}.Release|Any CPU.ActiveCfg = Release|Any CPU
		{FDBB95E7-7DA7-4CBC-B3B5-4D8C24323840}.Release|Any CPU.Build.0 = Release|Any CPU
	EndGlobalSection
	GlobalSection(SolutionProperties) = preSolution
		HideSolutionNode = FALSE
	EndGlobalSection
	GlobalSection(ExtensibilityGlobals) = postSolution
		SolutionGuid = {8C8D4E6B-19FD-4361-BDEC-D22871DE02D3}
	EndGlobalSection
EndGlobal
